// !$*UTF8*$!
{
	archiveVersion = 1;
	classes = {
	};
	objectVersion = 48;
	objects = {

/* Begin PBXBuildFile section */
		04A395061F94A37300602E77 /* AppDelegate.swift in Sources */ = {isa = PBXBuildFile; fileRef = 04A395051F94A37300602E77 /* AppDelegate.swift */; };
		04A395081F94A37300602E77 /* ViewController.swift in Sources */ = {isa = PBXBuildFile; fileRef = 04A395071F94A37300602E77 /* ViewController.swift */; };
		04A3950B1F94A37300602E77 /* Main.storyboard in Resources */ = {isa = PBXBuildFile; fileRef = 04A395091F94A37300602E77 /* Main.storyboard */; };
		04A3950E1F94A37300602E77 /* ItsuDareGame.xcdatamodeld in Sources */ = {isa = PBXBuildFile; fileRef = 04A3950C1F94A37300602E77 /* ItsuDareGame.xcdatamodeld */; };
		04A395101F94A37300602E77 /* Assets.xcassets in Resources */ = {isa = PBXBuildFile; fileRef = 04A3950F1F94A37300602E77 /* Assets.xcassets */; };
		04A395131F94A37300602E77 /* LaunchScreen.storyboard in Resources */ = {isa = PBXBuildFile; fileRef = 04A395111F94A37300602E77 /* LaunchScreen.storyboard */; };
		04A3951E1F94A37300602E77 /* ItsuDareGameTests.swift in Sources */ = {isa = PBXBuildFile; fileRef = 04A3951D1F94A37300602E77 /* ItsuDareGameTests.swift */; };
		04A395291F94A37300602E77 /* ItsuDareGameUITests.swift in Sources */ = {isa = PBXBuildFile; fileRef = 04A395281F94A37300602E77 /* ItsuDareGameUITests.swift */; };
/* End PBXBuildFile section */

/* Begin PBXContainerItemProxy section */
		04A3951A1F94A37300602E77 /* PBXContainerItemProxy */ = {
			isa = PBXContainerItemProxy;
			containerPortal = 04A394FA1F94A37300602E77 /* Project object */;
			proxyType = 1;
			remoteGlobalIDString = 04A395011F94A37300602E77;
			remoteInfo = ItsuDareGame;
		};
		04A395251F94A37300602E77 /* PBXContainerItemProxy */ = {
			isa = PBXContainerItemProxy;
			containerPortal = 04A394FA1F94A37300602E77 /* Project object */;
			proxyType = 1;
			remoteGlobalIDString = 04A395011F94A37300602E77;
			remoteInfo = ItsuDareGame;
		};
/* End PBXContainerItemProxy section */

/* Begin PBXFileReference section */
		04A395021F94A37300602E77 /* ItsuDareGame.app */ = {isa = PBXFileReference; explicitFileType = wrapper.application; includeInIndex = 0; path = ItsuDareGame.app; sourceTree = BUILT_PRODUCTS_DIR; };
		04A395051F94A37300602E77 /* AppDelegate.swift */ = {isa = PBXFileReference; lastKnownFileType = sourcecode.swift; path = AppDelegate.swift; sourceTree = "<group>"; };
		04A395071F94A37300602E77 /* ViewController.swift */ = {isa = PBXFileReference; lastKnownFileType = sourcecode.swift; path = ViewController.swift; sourceTree = "<group>"; };
		04A3950A1F94A37300602E77 /* Base */ = {isa = PBXFileReference; lastKnownFileType = file.storyboard; name = Base; path = Base.lproj/Main.storyboard; sourceTree = "<group>"; };
		04A3950D1F94A37300602E77 /* ItsuDareGame.xcdatamodel */ = {isa = PBXFileReference; lastKnownFileType = wrapper.xcdatamodel; path = ItsuDareGame.xcdatamodel; sourceTree = "<group>"; };
		04A3950F1F94A37300602E77 /* Assets.xcassets */ = {isa = PBXFileReference; lastKnownFileType = folder.assetcatalog; path = Assets.xcassets; sourceTree = "<group>"; };
		04A395121F94A37300602E77 /* Base */ = {isa = PBXFileReference; lastKnownFileType = file.storyboard; name = Base; path = Base.lproj/LaunchScreen.storyboard; sourceTree = "<group>"; };
		04A395141F94A37300602E77 /* Info.plist */ = {isa = PBXFileReference; lastKnownFileType = text.plist.xml; path = Info.plist; sourceTree = "<group>"; };
		04A395191F94A37300602E77 /* ItsuDareGameTests.xctest */ = {isa = PBXFileReference; explicitFileType = wrapper.cfbundle; includeInIndex = 0; path = ItsuDareGameTests.xctest; sourceTree = BUILT_PRODUCTS_DIR; };
		04A3951D1F94A37300602E77 /* ItsuDareGameTests.swift */ = {isa = PBXFileReference; lastKnownFileType = sourcecode.swift; path = ItsuDareGameTests.swift; sourceTree = "<group>"; };
		04A3951F1F94A37300602E77 /* Info.plist */ = {isa = PBXFileReference; lastKnownFileType = text.plist.xml; path = Info.plist; sourceTree = "<group>"; };
		04A395241F94A37300602E77 /* ItsuDareGameUITests.xctest */ = {isa = PBXFileReference; explicitFileType = wrapper.cfbundle; includeInIndex = 0; path = ItsuDareGameUITests.xctest; sourceTree = BUILT_PRODUCTS_DIR; };
		04A395281F94A37300602E77 /* ItsuDareGameUITests.swift */ = {isa = PBXFileReference; lastKnownFileType = sourcecode.swift; path = ItsuDareGameUITests.swift; sourceTree = "<group>"; };
		04A3952A1F94A37300602E77 /* Info.plist */ = {isa = PBXFileReference; lastKnownFileType = text.plist.xml; path = Info.plist; sourceTree = "<group>"; };
/* End PBXFileReference section */

/* Begin PBXFrameworksBuildPhase section */
		04A394FF1F94A37300602E77 /* Frameworks */ = {
			isa = PBXFrameworksBuildPhase;
			buildActionMask = 2147483647;
			files = (
			);
			runOnlyForDeploymentPostprocessing = 0;
		};
		04A395161F94A37300602E77 /* Frameworks */ = {
			isa = PBXFrameworksBuildPhase;
			buildActionMask = 2147483647;
			files = (
			);
			runOnlyForDeploymentPostprocessing = 0;
		};
		04A395211F94A37300602E77 /* Frameworks */ = {
			isa = PBXFrameworksBuildPhase;
			buildActionMask = 2147483647;
			files = (
			);
			runOnlyForDeploymentPostprocessing = 0;
		};
/* End PBXFrameworksBuildPhase section */

/* Begin PBXGroup section */
		04A394F91F94A37300602E77 = {
			isa = PBXGroup;
			children = (
				04A395041F94A37300602E77 /* ItsuDareGame */,
				04A3951C1F94A37300602E77 /* ItsuDareGameTests */,
				04A395271F94A37300602E77 /* ItsuDareGameUITests */,
				04A395031F94A37300602E77 /* Products */,
			);
			sourceTree = "<group>";
		};
		04A395031F94A37300602E77 /* Products */ = {
			isa = PBXGroup;
			children = (
				04A395021F94A37300602E77 /* ItsuDareGame.app */,
				04A395191F94A37300602E77 /* ItsuDareGameTests.xctest */,
				04A395241F94A37300602E77 /* ItsuDareGameUITests.xctest */,
			);
			name = Products;
			sourceTree = "<group>";
		};
		04A395041F94A37300602E77 /* ItsuDareGame */ = {
			isa = PBXGroup;
			children = (
				04A395051F94A37300602E77 /* AppDelegate.swift */,
				04A395071F94A37300602E77 /* ViewController.swift */,
				04A395091F94A37300602E77 /* Main.storyboard */,
				04A3950F1F94A37300602E77 /* Assets.xcassets */,
				04A395111F94A37300602E77 /* LaunchScreen.storyboard */,
				04A395141F94A37300602E77 /* Info.plist */,
				04A3950C1F94A37300602E77 /* ItsuDareGame.xcdatamodeld */,
			);
			path = ItsuDareGame;
			sourceTree = "<group>";
		};
		04A3951C1F94A37300602E77 /* ItsuDareGameTests */ = {
			isa = PBXGroup;
			children = (
				04A3951D1F94A37300602E77 /* ItsuDareGameTests.swift */,
				04A3951F1F94A37300602E77 /* Info.plist */,
			);
			path = ItsuDareGameTests;
			sourceTree = "<group>";
		};
		04A395271F94A37300602E77 /* ItsuDareGameUITests */ = {
			isa = PBXGroup;
			children = (
				04A395281F94A37300602E77 /* ItsuDareGameUITests.swift */,
				04A3952A1F94A37300602E77 /* Info.plist */,
			);
			path = ItsuDareGameUITests;
			sourceTree = "<group>";
		};
/* End PBXGroup section */

/* Begin PBXNativeTarget section */
		04A395011F94A37300602E77 /* ItsuDareGame */ = {
			isa = PBXNativeTarget;
			buildConfigurationList = 04A3952D1F94A37300602E77 /* Build configuration list for PBXNativeTarget "ItsuDareGame" */;
			buildPhases = (
				04A394FE1F94A37300602E77 /* Sources */,
				04A394FF1F94A37300602E77 /* Frameworks */,
				04A395001F94A37300602E77 /* Resources */,
			);
			buildRules = (
			);
			dependencies = (
			);
			name = ItsuDareGame;
			productName = ItsuDareGame;
			productReference = 04A395021F94A37300602E77 /* ItsuDareGame.app */;
			productType = "com.apple.product-type.application";
		};
		04A395181F94A37300602E77 /* ItsuDareGameTests */ = {
			isa = PBXNativeTarget;
			buildConfigurationList = 04A395301F94A37300602E77 /* Build configuration list for PBXNativeTarget "ItsuDareGameTests" */;
			buildPhases = (
				04A395151F94A37300602E77 /* Sources */,
				04A395161F94A37300602E77 /* Frameworks */,
				04A395171F94A37300602E77 /* Resources */,
			);
			buildRules = (
			);
			dependencies = (
				04A3951B1F94A37300602E77 /* PBXTargetDependency */,
			);
			name = ItsuDareGameTests;
			productName = ItsuDareGameTests;
			productReference = 04A395191F94A37300602E77 /* ItsuDareGameTests.xctest */;
			productType = "com.apple.product-type.bundle.unit-test";
		};
		04A395231F94A37300602E77 /* ItsuDareGameUITests */ = {
			isa = PBXNativeTarget;
			buildConfigurationList = 04A395331F94A37300602E77 /* Build configuration list for PBXNativeTarget "ItsuDareGameUITests" */;
			buildPhases = (
				04A395201F94A37300602E77 /* Sources */,
				04A395211F94A37300602E77 /* Frameworks */,
				04A395221F94A37300602E77 /* Resources */,
			);
			buildRules = (
			);
			dependencies = (
				04A395261F94A37300602E77 /* PBXTargetDependency */,
			);
			name = ItsuDareGameUITests;
			productName = ItsuDareGameUITests;
			productReference = 04A395241F94A37300602E77 /* ItsuDareGameUITests.xctest */;
			productType = "com.apple.product-type.bundle.ui-testing";
		};
/* End PBXNativeTarget section */

/* Begin PBXProject section */
		04A394FA1F94A37300602E77 /* Project object */ = {
			isa = PBXProject;
			attributes = {
				LastSwiftUpdateCheck = 0900;
				LastUpgradeCheck = 0900;
				ORGANIZATIONNAME = "上田　護";
				TargetAttributes = {
					04A395011F94A37300602E77 = {
						CreatedOnToolsVersion = 9.0;
						ProvisioningStyle = Automatic;
					};
					04A395181F94A37300602E77 = {
						CreatedOnToolsVersion = 9.0;
						ProvisioningStyle = Automatic;
						TestTargetID = 04A395011F94A37300602E77;
					};
					04A395231F94A37300602E77 = {
						CreatedOnToolsVersion = 9.0;
						ProvisioningStyle = Automatic;
						TestTargetID = 04A395011F94A37300602E77;
					};
				};
			};
			buildConfigurationList = 04A394FD1F94A37300602E77 /* Build configuration list for PBXProject "ItsuDareGame" */;
			compatibilityVersion = "Xcode 8.0";
			developmentRegion = en;
			hasScannedForEncodings = 0;
			knownRegions = (
				en,
				Base,
			);
			mainGroup = 04A394F91F94A37300602E77;
			productRefGroup = 04A395031F94A37300602E77 /* Products */;
			projectDirPath = "";
			projectRoot = "";
			targets = (
				04A395011F94A37300602E77 /* ItsuDareGame */,
				04A395181F94A37300602E77 /* ItsuDareGameTests */,
				04A395231F94A37300602E77 /* ItsuDareGameUITests */,
			);
		};
/* End PBXProject section */

/* Begin PBXResourcesBuildPhase section */
		04A395001F94A37300602E77 /* Resources */ = {
			isa = PBXResourcesBuildPhase;
			buildActionMask = 2147483647;
			files = (
				04A395131F94A37300602E77 /* LaunchScreen.storyboard in Resources */,
				04A395101F94A37300602E77 /* Assets.xcassets in Resources */,
				04A3950B1F94A37300602E77 /* Main.storyboard in Resources */,
			);
			runOnlyForDeploymentPostprocessing = 0;
		};
		04A395171F94A37300602E77 /* Resources */ = {
			isa = PBXResourcesBuildPhase;
			buildActionMask = 2147483647;
			files = (
			);
			runOnlyForDeploymentPostprocessing = 0;
		};
		04A395221F94A37300602E77 /* Resources */ = {
			isa = PBXResourcesBuildPhase;
			buildActionMask = 2147483647;
			files = (
			);
			runOnlyForDeploymentPostprocessing = 0;
		};
/* End PBXResourcesBuildPhase section */

/* Begin PBXSourcesBuildPhase section */
		04A394FE1F94A37300602E77 /* Sources */ = {
			isa = PBXSourcesBuildPhase;
			buildActionMask = 2147483647;
			files = (
				04A395081F94A37300602E77 /* ViewController.swift in Sources */,
				04A3950E1F94A37300602E77 /* ItsuDareGame.xcdatamodeld in Sources */,
				04A395061F94A37300602E77 /* AppDelegate.swift in Sources */,
			);
			runOnlyForDeploymentPostprocessing = 0;
		};
		04A395151F94A37300602E77 /* Sources */ = {
			isa = PBXSourcesBuildPhase;
			buildActionMask = 2147483647;
			files = (
				04A3951E1F94A37300602E77 /* ItsuDareGameTests.swift in Sources */,
			);
			runOnlyForDeploymentPostprocessing = 0;
		};
		04A395201F94A37300602E77 /* Sources */ = {
			isa = PBXSourcesBuildPhase;
			buildActionMask = 2147483647;
			files = (
				04A395291F94A37300602E77 /* ItsuDareGameUITests.swift in Sources */,
			);
			runOnlyForDeploymentPostprocessing = 0;
		};
/* End PBXSourcesBuildPhase section */

/* Begin PBXTargetDependency section */
		04A3951B1F94A37300602E77 /* PBXTargetDependency */ = {
			isa = PBXTargetDependency;
			target = 04A395011F94A37300602E77 /* ItsuDareGame */;
			targetProxy = 04A3951A1F94A37300602E77 /* PBXContainerItemProxy */;
		};
		04A395261F94A37300602E77 /* PBXTargetDependency */ = {
			isa = PBXTargetDependency;
			target = 04A395011F94A37300602E77 /* ItsuDareGame */;
			targetProxy = 04A395251F94A37300602E77 /* PBXContainerItemProxy */;
		};
/* End PBXTargetDependency section */

/* Begin PBXVariantGroup section */
		04A395091F94A37300602E77 /* Main.storyboard */ = {
			isa = PBXVariantGroup;
			children = (
				04A3950A1F94A37300602E77 /* Base */,
			);
			name = Main.storyboard;
			sourceTree = "<group>";
		};
		04A395111F94A37300602E77 /* LaunchScreen.storyboard */ = {
			isa = PBXVariantGroup;
			children = (
				04A395121F94A37300602E77 /* Base */,
			);
			name = LaunchScreen.storyboard;
			sourceTree = "<group>";
		};
/* End PBXVariantGroup section */

/* Begin XCBuildConfiguration section */
		04A3952B1F94A37300602E77 /* Debug */ = {
			isa = XCBuildConfiguration;
			buildSettings = {
				ALWAYS_SEARCH_USER_PATHS = NO;
				CLANG_ANALYZER_NONNULL = YES;
				CLANG_ANALYZER_NUMBER_OBJECT_CONVERSION = YES_AGGRESSIVE;
				CLANG_CXX_LANGUAGE_STANDARD = "gnu++14";
				CLANG_CXX_LIBRARY = "libc++";
				CLANG_ENABLE_MODULES = YES;
				CLANG_ENABLE_OBJC_ARC = YES;
				CLANG_WARN_BLOCK_CAPTURE_AUTORELEASING = YES;
				CLANG_WARN_BOOL_CONVERSION = YES;
				CLANG_WARN_COMMA = YES;
				CLANG_WARN_CONSTANT_CONVERSION = YES;
				CLANG_WARN_DIRECT_OBJC_ISA_USAGE = YES_ERROR;
				CLANG_WARN_DOCUMENTATION_COMMENTS = YES;
				CLANG_WARN_EMPTY_BODY = YES;
				CLANG_WARN_ENUM_CONVERSION = YES;
				CLANG_WARN_INFINITE_RECURSION = YES;
				CLANG_WARN_INT_CONVERSION = YES;
				CLANG_WARN_NON_LITERAL_NULL_CONVERSION = YES;
				CLANG_WARN_OBJC_LITERAL_CONVERSION = YES;
				CLANG_WARN_OBJC_ROOT_CLASS = YES_ERROR;
				CLANG_WARN_RANGE_LOOP_ANALYSIS = YES;
				CLANG_WARN_STRICT_PROTOTYPES = YES;
				CLANG_WARN_SUSPICIOUS_MOVE = YES;
				CLANG_WARN_UNGUARDED_AVAILABILITY = YES_AGGRESSIVE;
				CLANG_WARN_UNREACHABLE_CODE = YES;
				CLANG_WARN__DUPLICATE_METHOD_MATCH = YES;
				CODE_SIGN_IDENTITY = "iPhone Developer";
				COPY_PHASE_STRIP = NO;
				DEBUG_INFORMATION_FORMAT = dwarf;
				ENABLE_STRICT_OBJC_MSGSEND = YES;
				ENABLE_TESTABILITY = YES;
				GCC_C_LANGUAGE_STANDARD = gnu11;
				GCC_DYNAMIC_NO_PIC = NO;
				GCC_NO_COMMON_BLOCKS = YES;
				GCC_OPTIMIZATION_LEVEL = 0;
				GCC_PREPROCESSOR_DEFINITIONS = (
					"DEBUG=1",
					"$(inherited)",
				);
				GCC_WARN_64_TO_32_BIT_CONVERSION = YES;
				GCC_WARN_ABOUT_RETURN_TYPE = YES_ERROR;
				GCC_WARN_UNDECLARED_SELECTOR = YES;
				GCC_WARN_UNINITIALIZED_AUTOS = YES_AGGRESSIVE;
				GCC_WARN_UNUSED_FUNCTION = YES;
				GCC_WARN_UNUSED_VARIABLE = YES;
				IPHONEOS_DEPLOYMENT_TARGET = 11.0;
				MTL_ENABLE_DEBUG_INFO = YES;
				ONLY_ACTIVE_ARCH = YES;
				SDKROOT = iphoneos;
				SWIFT_ACTIVE_COMPILATION_CONDITIONS = DEBUG;
				SWIFT_OPTIMIZATION_LEVEL = "-Onone";
			};
			name = Debug;
		};
		04A3952C1F94A37300602E77 /* Release */ = {
			isa = XCBuildConfiguration;
			buildSettings = {
				ALWAYS_SEARCH_USER_PATHS = NO;
				CLANG_ANALYZER_NONNULL = YES;
				CLANG_ANALYZER_NUMBER_OBJECT_CONVERSION = YES_AGGRESSIVE;
				CLANG_CXX_LANGUAGE_STANDARD = "gnu++14";
				CLANG_CXX_LIBRARY = "libc++";
				CLANG_ENABLE_MODULES = YES;
				CLANG_ENABLE_OBJC_ARC = YES;
				CLANG_WARN_BLOCK_CAPTURE_AUTORELEASING = YES;
				CLANG_WARN_BOOL_CONVERSION = YES;
				CLANG_WARN_COMMA = YES;
				CLANG_WARN_CONSTANT_CONVERSION = YES;
				CLANG_WARN_DIRECT_OBJC_ISA_USAGE = YES_ERROR;
				CLANG_WARN_DOCUMENTATION_COMMENTS = YES;
				CLANG_WARN_EMPTY_BODY = YES;
				CLANG_WARN_ENUM_CONVERSION = YES;
				CLANG_WARN_INFINITE_RECURSION = YES;
				CLANG_WARN_INT_CONVERSION = YES;
				CLANG_WARN_NON_LITERAL_NULL_CONVERSION = YES;
				CLANG_WARN_OBJC_LITERAL_CONVERSION = YES;
				CLANG_WARN_OBJC_ROOT_CLASS = YES_ERROR;
				CLANG_WARN_RANGE_LOOP_ANALYSIS = YES;
				CLANG_WARN_STRICT_PROTOTYPES = YES;
				CLANG_WARN_SUSPICIOUS_MOVE = YES;
				CLANG_WARN_UNGUARDED_AVAILABILITY = YES_AGGRESSIVE;
				CLANG_WARN_UNREACHABLE_CODE = YES;
				CLANG_WARN__DUPLICATE_METHOD_MATCH = YES;
				CODE_SIGN_IDENTITY = "iPhone Developer";
				COPY_PHASE_STRIP = NO;
				DEBUG_INFORMATION_FORMAT = "dwarf-with-dsym";
				ENABLE_NS_ASSERTIONS = NO;
				ENABLE_STRICT_OBJC_MSGSEND = YES;
				GCC_C_LANGUAGE_STANDARD = gnu11;
				GCC_NO_COMMON_BLOCKS = YES;
				GCC_WARN_64_TO_32_BIT_CONVERSION = YES;
				GCC_WARN_ABOUT_RETURN_TYPE = YES_ERROR;
				GCC_WARN_UNDECLARED_SELECTOR = YES;
				GCC_WARN_UNINITIALIZED_AUTOS = YES_AGGRESSIVE;
				GCC_WARN_UNUSED_FUNCTION = YES;
				GCC_WARN_UNUSED_VARIABLE = YES;
				IPHONEOS_DEPLOYMENT_TARGET = 11.0;
				MTL_ENABLE_DEBUG_INFO = NO;
				SDKROOT = iphoneos;
				SWIFT_OPTIMIZATION_LEVEL = "-Owholemodule";
				VALIDATE_PRODUCT = YES;
			};
			name = Release;
		};
		04A3952E1F94A37300602E77 /* Debug */ = {
			isa = XCBuildConfiguration;
			buildSettings = {
				ASSETCATALOG_COMPILER_APPICON_NAME = AppIcon;
				CODE_SIGN_STYLE = Automatic;
				DEVELOPMENT_TEAM = 9RWL9BWXDB;
				INFOPLIST_FILE = ItsuDareGame/Info.plist;
				LD_RUNPATH_SEARCH_PATHS = "$(inherited) @executable_path/Frameworks";
				PRODUCT_BUNDLE_IDENTIFIER = com.default.ItsuDareGame;
				PRODUCT_NAME = "$(TARGET_NAME)";
				SWIFT_VERSION = 4.0;
				TARGETED_DEVICE_FAMILY = "1,2";
			};
			name = Debug;
		};
		04A3952F1F94A37300602E77 /* Release */ = {
			isa = XCBuildConfiguration;
			buildSettings = {
				ASSETCATALOG_COMPILER_APPICON_NAME = AppIcon;
				CODE_SIGN_STYLE = Automatic;
				DEVELOPMENT_TEAM = 9RWL9BWXDB;
				INFOPLIST_FILE = ItsuDareGame/Info.plist;
				LD_RUNPATH_SEARCH_PATHS = "$(inherited) @executable_path/Frameworks";
				PRODUCT_BUNDLE_IDENTIFIER = com.default.ItsuDareGame;
				PRODUCT_NAME = "$(TARGET_NAME)";
				SWIFT_VERSION = 4.0;
				TARGETED_DEVICE_FAMILY = "1,2";
			};
			name = Release;
		};
		04A395311F94A37300602E77 /* Debug */ = {
			isa = XCBuildConfiguration;
			buildSettings = {
				ALWAYS_EMBED_SWIFT_STANDARD_LIBRARIES = YES;
				BUNDLE_LOADER = "$(TEST_HOST)";
				CODE_SIGN_STYLE = Automatic;
				DEVELOPMENT_TEAM = 9RWL9BWXDB;
				INFOPLIST_FILE = ItsuDareGameTests/Info.plist;
				LD_RUNPATH_SEARCH_PATHS = "$(inherited) @executable_path/Frameworks @loader_path/Frameworks";
				PRODUCT_BUNDLE_IDENTIFIER = com.default.ItsuDareGameTests;
				PRODUCT_NAME = "$(TARGET_NAME)";
				SWIFT_VERSION = 4.0;
				TARGETED_DEVICE_FAMILY = "1,2";
				TEST_HOST = "$(BUILT_PRODUCTS_DIR)/ItsuDareGame.app/ItsuDareGame";
			};
			name = Debug;
		};
		04A395321F94A37300602E77 /* Release */ = {
			isa = XCBuildConfiguration;
			buildSettings = {
				ALWAYS_EMBED_SWIFT_STANDARD_LIBRARIES = YES;
				BUNDLE_LOADER = "$(TEST_HOST)";
				CODE_SIGN_STYLE = Automatic;
				DEVELOPMENT_TEAM = 9RWL9BWXDB;
				INFOPLIST_FILE = ItsuDareGameTests/Info.plist;
				LD_RUNPATH_SEARCH_PATHS = "$(inherited) @executable_path/Frameworks @loader_path/Frameworks";
				PRODUCT_BUNDLE_IDENTIFIER = com.default.ItsuDareGameTests;
				PRODUCT_NAME = "$(TARGET_NAME)";
				SWIFT_VERSION = 4.0;
				TARGETED_DEVICE_FAMILY = "1,2";
				TEST_HOST = "$(BUILT_PRODUCTS_DIR)/ItsuDareGame.app/ItsuDareGame";
			};
			name = Release;
		};
		04A395341F94A37300602E77 /* Debug */ = {
			isa = XCBuildConfiguration;
			buildSettings = {
				ALWAYS_EMBED_SWIFT_STANDARD_LIBRARIES = YES;
				CODE_SIGN_STYLE = Automatic;
				DEVELOPMENT_TEAM = 9RWL9BWXDB;
				INFOPLIST_FILE = ItsuDareGameUITests/Info.plist;
				LD_RUNPATH_SEARCH_PATHS = "$(inherited) @executable_path/Frameworks @loader_path/Frameworks";
				PRODUCT_BUNDLE_IDENTIFIER = com.default.ItsuDareGameUITests;
				PRODUCT_NAME = "$(TARGET_NAME)";
				SWIFT_VERSION = 4.0;
				TARGETED_DEVICE_FAMILY = "1,2";
				TEST_TARGET_NAME = ItsuDareGame;
			};
			name = Debug;
		};
		04A395351F94A37300602E77 /* Release */ = {
			isa = XCBuildConfiguration;
			buildSettings = {
				ALWAYS_EMBED_SWIFT_STANDARD_LIBRARIES = YES;
				CODE_SIGN_STYLE = Automatic;
				DEVELOPMENT_TEAM = 9RWL9BWXDB;
				INFOPLIST_FILE = ItsuDareGameUITests/Info.plist;
				LD_RUNPATH_SEARCH_PATHS = "$(inherited) @executable_path/Frameworks @loader_path/Frameworks";
				PRODUCT_BUNDLE_IDENTIFIER = com.default.ItsuDareGameUITests;
				PRODUCT_NAME = "$(TARGET_NAME)";
				SWIFT_VERSION = 4.0;
				TARGETED_DEVICE_FAMILY = "1,2";
				TEST_TARGET_NAME = ItsuDareGame;
			};
			name = Release;
		};
/* End XCBuildConfiguration section */

/* Begin XCConfigurationList section */
		04A394FD1F94A37300602E77 /* Build configuration list for PBXProject "ItsuDareGame" */ = {
			isa = XCConfigurationList;
			buildConfigurations = (
				04A3952B1F94A37300602E77 /* Debug */,
				04A3952C1F94A37300602E77 /* Release */,
			);
			defaultConfigurationIsVisible = 0;
			defaultConfigurationName = Release;
		};
		04A3952D1F94A37300602E77 /* Build configuration list for PBXNativeTarget "ItsuDareGame" */ = {
			isa = XCConfigurationList;
			buildConfigurations = (
				04A3952E1F94A37300602E77 /* Debug */,
				04A3952F1F94A37300602E77 /* Release */,
			);
			defaultConfigurationIsVisible = 0;
			defaultConfigurationName = Release;
		};
		04A395301F94A37300602E77 /* Build configuration list for PBXNativeTarget "ItsuDareGameTests" */ = {
			isa = XCConfigurationList;
			buildConfigurations = (
				04A395311F94A37300602E77 /* Debug */,
				04A395321F94A37300602E77 /* Release */,
			);
			defaultConfigurationIsVisible = 0;
			defaultConfigurationName = Release;
		};
		04A395331F94A37300602E77 /* Build configuration list for PBXNativeTarget "ItsuDareGameUITests" */ = {
			isa = XCConfigurationList;
			buildConfigurations = (
				04A395341F94A37300602E77 /* Debug */,
				04A395351F94A37300602E77 /* Release */,
			);
			defaultConfigurationIsVisible = 0;
			defaultConfigurationName = Release;
		};
/* End XCConfigurationList section */

/* Begin XCVersionGroup section */
		04A3950C1F94A37300602E77 /* ItsuDareGame.xcdatamodeld */ = {
			isa = XCVersionGroup;
			children = (
				04A3950D1F94A37300602E77 /* ItsuDareGame.xcdatamodel */,
			);
			currentVersion = 04A3950D1F94A37300602E77 /* ItsuDareGame.xcdatamodel */;
			path = ItsuDareGame.xcdatamodeld;
			sourceTree = "<group>";
			versionGroupType = wrapper.xcdatamodel;
		};
/* End XCVersionGroup section */
	};
	rootObject = 04A394FA1F94A37300602E77 /* Project object */;
}
